// !$*UTF8*$!
{
	archiveVersion = 1;
	classes = {
	};
	objectVersion = 56;
	objects = {

/* Begin PBXBuildFile section */
		8141B0A228E0D54B009C0165 /* AppDelegate.swift in Sources */ = {isa = PBXBuildFile; fileRef = 8141B0A128E0D54B009C0165 /* AppDelegate.swift */; };
		8141B0A428E0D54B009C0165 /* SceneDelegate.swift in Sources */ = {isa = PBXBuildFile; fileRef = 8141B0A328E0D54B009C0165 /* SceneDelegate.swift */; };
		8141B0A628E0D54B009C0165 /* ColorViewController.swift in Sources */ = {isa = PBXBuildFile; fileRef = 8141B0A528E0D54B009C0165 /* ColorViewController.swift */; };
		8141B0A928E0D54B009C0165 /* Main.storyboard in Resources */ = {isa = PBXBuildFile; fileRef = 8141B0A728E0D54B009C0165 /* Main.storyboard */; };
		8141B0AB28E0D54D009C0165 /* Assets.xcassets in Resources */ = {isa = PBXBuildFile; fileRef = 8141B0AA28E0D54D009C0165 /* Assets.xcassets */; };
		8141B0AE28E0D54D009C0165 /* LaunchScreen.storyboard in Resources */ = {isa = PBXBuildFile; fileRef = 8141B0AC28E0D54D009C0165 /* LaunchScreen.storyboard */; };
		81EC726028F6DAB400360433 /* MainViewController.swift in Sources */ = {isa = PBXBuildFile; fileRef = 81EC725F28F6DAB400360433 /* MainViewController.swift */; };
/* End PBXBuildFile section */

/* Begin PBXFileReference section */
		8141B09E28E0D54B009C0165 /* HomeWorkeRGBSlider.app */ = {isa = PBXFileReference; explicitFileType = wrapper.application; includeInIndex = 0; path = HomeWorkeRGBSlider.app; sourceTree = BUILT_PRODUCTS_DIR; };
		8141B0A128E0D54B009C0165 /* AppDelegate.swift */ = {isa = PBXFileReference; lastKnownFileType = sourcecode.swift; path = AppDelegate.swift; sourceTree = "<group>"; };
		8141B0A328E0D54B009C0165 /* SceneDelegate.swift */ = {isa = PBXFileReference; lastKnownFileType = sourcecode.swift; path = SceneDelegate.swift; sourceTree = "<group>"; };
		8141B0A528E0D54B009C0165 /* ColorViewController.swift */ = {isa = PBXFileReference; lastKnownFileType = sourcecode.swift; path = ColorViewController.swift; sourceTree = "<group>"; };
		8141B0A828E0D54B009C0165 /* Base */ = {isa = PBXFileReference; lastKnownFileType = file.storyboard; name = Base; path = Base.lproj/Main.storyboard; sourceTree = "<group>"; };
		8141B0AA28E0D54D009C0165 /* Assets.xcassets */ = {isa = PBXFileReference; lastKnownFileType = folder.assetcatalog; path = Assets.xcassets; sourceTree = "<group>"; };
		8141B0AD28E0D54D009C0165 /* Base */ = {isa = PBXFileReference; lastKnownFileType = file.storyboard; name = Base; path = Base.lproj/LaunchScreen.storyboard; sourceTree = "<group>"; };
		8141B0AF28E0D54D009C0165 /* Info.plist */ = {isa = PBXFileReference; lastKnownFileType = text.plist.xml; path = Info.plist; sourceTree = "<group>"; };
		81EC725F28F6DAB400360433 /* MainViewController.swift */ = {isa = PBXFileReference; lastKnownFileType = sourcecode.swift; path = MainViewController.swift; sourceTree = "<group>"; };
/* End PBXFileReference section */

/* Begin PBXFrameworksBuildPhase section */
		8141B09B28E0D54B009C0165 /* Frameworks */ = {
			isa = PBXFrameworksBuildPhase;
			buildActionMask = 2147483647;
			files = (
			);
			runOnlyForDeploymentPostprocessing = 0;
		};
/* End PBXFrameworksBuildPhase section */

/* Begin PBXGroup section */
		8141B09528E0D54B009C0165 = {
			isa = PBXGroup;
			children = (
				8141B0A028E0D54B009C0165 /* HomeWorkeRGBSlider */,
				8141B09F28E0D54B009C0165 /* Products */,
			);
			sourceTree = "<group>";
		};
		8141B09F28E0D54B009C0165 /* Products */ = {
			isa = PBXGroup;
			children = (
				8141B09E28E0D54B009C0165 /* HomeWorkeRGBSlider.app */,
			);
			name = Products;
			sourceTree = "<group>";
		};
		8141B0A028E0D54B009C0165 /* HomeWorkeRGBSlider */ = {
			isa = PBXGroup;
			children = (
				81EC725D28F6D68300360433 /* Config */,
				81EC725E28F6D6D400360433 /* ViewControllers */,
				81EC725C28F6D63300360433 /* Storyboards */,
				8141B0AA28E0D54D009C0165 /* Assets.xcassets */,
			);
			path = HomeWorkeRGBSlider;
			sourceTree = "<group>";
		};
		81EC725C28F6D63300360433 /* Storyboards */ = {
			isa = PBXGroup;
			children = (
				8141B0A728E0D54B009C0165 /* Main.storyboard */,
				8141B0AC28E0D54D009C0165 /* LaunchScreen.storyboard */,
			);
			path = Storyboards;
			sourceTree = "<group>";
		};
		81EC725D28F6D68300360433 /* Config */ = {
			isa = PBXGroup;
			children = (
				8141B0A128E0D54B009C0165 /* AppDelegate.swift */,
				8141B0A328E0D54B009C0165 /* SceneDelegate.swift */,
				8141B0AF28E0D54D009C0165 /* Info.plist */,
			);
			path = Config;
			sourceTree = "<group>";
		};
		81EC725E28F6D6D400360433 /* ViewControllers */ = {
			isa = PBXGroup;
			children = (
				8141B0A528E0D54B009C0165 /* ColorViewController.swift */,
				81EC725F28F6DAB400360433 /* MainViewController.swift */,
			);
			path = ViewControllers;
			sourceTree = "<group>";
		};
/* End PBXGroup section */

/* Begin PBXNativeTarget section */
		8141B09D28E0D54B009C0165 /* HomeWorkeRGBSlider */ = {
			isa = PBXNativeTarget;
			buildConfigurationList = 8141B0B228E0D54D009C0165 /* Build configuration list for PBXNativeTarget "HomeWorkeRGBSlider" */;
			buildPhases = (
				8141B09A28E0D54B009C0165 /* Sources */,
				8141B09B28E0D54B009C0165 /* Frameworks */,
				8141B09C28E0D54B009C0165 /* Resources */,
			);
			buildRules = (
			);
			dependencies = (
			);
			name = HomeWorkeRGBSlider;
			productName = HomeWorkeRGBSlider;
			productReference = 8141B09E28E0D54B009C0165 /* HomeWorkeRGBSlider.app */;
			productType = "com.apple.product-type.application";
		};
/* End PBXNativeTarget section */

/* Begin PBXProject section */
		8141B09628E0D54B009C0165 /* Project object */ = {
			isa = PBXProject;
			attributes = {
				BuildIndependentTargetsInParallel = 1;
				LastSwiftUpdateCheck = 1400;
				LastUpgradeCheck = 1400;
				TargetAttributes = {
					8141B09D28E0D54B009C0165 = {
						CreatedOnToolsVersion = 14.0;
					};
				};
			};
			buildConfigurationList = 8141B09928E0D54B009C0165 /* Build configuration list for PBXProject "HomeWorkeRGBSlider" */;
			compatibilityVersion = "Xcode 14.0";
			developmentRegion = en;
			hasScannedForEncodings = 0;
			knownRegions = (
				en,
				Base,
			);
			mainGroup = 8141B09528E0D54B009C0165;
			productRefGroup = 8141B09F28E0D54B009C0165 /* Products */;
			projectDirPath = "";
			projectRoot = "";
			targets = (
				8141B09D28E0D54B009C0165 /* HomeWorkeRGBSlider */,
			);
		};
/* End PBXProject section */

/* Begin PBXResourcesBuildPhase section */
		8141B09C28E0D54B009C0165 /* Resources */ = {
			isa = PBXResourcesBuildPhase;
			buildActionMask = 2147483647;
			files = (
				8141B0AE28E0D54D009C0165 /* LaunchScreen.storyboard in Resources */,
				8141B0AB28E0D54D009C0165 /* Assets.xcassets in Resources */,
				8141B0A928E0D54B009C0165 /* Main.storyboard in Resources */,
			);
			runOnlyForDeploymentPostprocessing = 0;
		};
/* End PBXResourcesBuildPhase section */

/* Begin PBXSourcesBuildPhase section */
		8141B09A28E0D54B009C0165 /* Sources */ = {
			isa = PBXSourcesBuildPhase;
			buildActionMask = 2147483647;
			files = (
				8141B0A628E0D54B009C0165 /* ColorViewController.swift in Sources */,
				8141B0A228E0D54B009C0165 /* AppDelegate.swift in Sources */,
				8141B0A428E0D54B009C0165 /* SceneDelegate.swift in Sources */,
				81EC726028F6DAB400360433 /* MainViewController.swift in Sources */,
			);
			runOnlyForDeploymentPostprocessing = 0;
		};
/* End PBXSourcesBuildPhase section */

/* Begin PBXVariantGroup section */
		8141B0A728E0D54B009C0165 /* Main.storyboard */ = {
			isa = PBXVariantGroup;
			children = (
				8141B0A828E0D54B009C0165 /* Base */,
			);
			name = Main.storyboard;
			sourceTree = "<group>";
		};
		8141B0AC28E0D54D009C0165 /* LaunchScreen.storyboard */ = {
			isa = PBXVariantGroup;
			children = (
				8141B0AD28E0D54D009C0165 /* Base */,
			);
			name = LaunchScreen.storyboard;
			sourceTree = "<group>";
		};
/* End PBXVariantGroup section */

/* Begin XCBuildConfiguration section */
		8141B0B028E0D54D009C0165 /* Debug */ = {
			isa = XCBuildConfiguration;
			buildSettings = {
				ALWAYS_SEARCH_USER_PATHS = NO;
				CLANG_ANALYZER_NONNULL = YES;
				CLANG_ANALYZER_NUMBER_OBJECT_CONVERSION = YES_AGGRESSIVE;
				CLANG_CXX_LANGUAGE_STANDARD = "gnu++20";
				CLANG_ENABLE_MODULES = YES;
				CLANG_ENABLE_OBJC_ARC = YES;
				CLANG_ENABLE_OBJC_WEAK = YES;
				CLANG_WARN_BLOCK_CAPTURE_AUTORELEASING = YES;
				CLANG_WARN_BOOL_CONVERSION = YES;
				CLANG_WARN_COMMA = YES;
				CLANG_WARN_CONSTANT_CONVERSION = YES;
				CLANG_WARN_DEPRECATED_OBJC_IMPLEMENTATIONS = YES;
				CLANG_WARN_DIRECT_OBJC_ISA_USAGE = YES_ERROR;
				CLANG_WARN_DOCUMENTATION_COMMENTS = YES;
				CLANG_WARN_EMPTY_BODY = YES;
				CLANG_WARN_ENUM_CONVERSION = YES;
				CLANG_WARN_INFINITE_RECURSION = YES;
				CLANG_WARN_INT_CONVERSION = YES;
				CLANG_WARN_NON_LITERAL_NULL_CONVERSION = YES;
				CLANG_WARN_OBJC_IMPLICIT_RETAIN_SELF = YES;
				CLANG_WARN_OBJC_LITERAL_CONVERSION = YES;
				CLANG_WARN_OBJC_ROOT_CLASS = YES_ERROR;
				CLANG_WARN_QUOTED_INCLUDE_IN_FRAMEWORK_HEADER = YES;
				CLANG_WARN_RANGE_LOOP_ANALYSIS = YES;
				CLANG_WARN_STRICT_PROTOTYPES = YES;
				CLANG_WARN_SUSPICIOUS_MOVE = YES;
				CLANG_WARN_UNGUARDED_AVAILABILITY = YES_AGGRESSIVE;
				CLANG_WARN_UNREACHABLE_CODE = YES;
				CLANG_WARN__DUPLICATE_METHOD_MATCH = YES;
				COPY_PHASE_STRIP = NO;
				DEBUG_INFORMATION_FORMAT = dwarf;
				ENABLE_STRICT_OBJC_MSGSEND = YES;
				ENABLE_TESTABILITY = YES;
				GCC_C_LANGUAGE_STANDARD = gnu11;
				GCC_DYNAMIC_NO_PIC = NO;
				GCC_NO_COMMON_BLOCKS = YES;
				GCC_OPTIMIZATION_LEVEL = 0;
				GCC_PREPROCESSOR_DEFINITIONS = (
					"DEBUG=1",
					"$(inherited)",
				);
				GCC_WARN_64_TO_32_BIT_CONVERSION = YES;
				GCC_WARN_ABOUT_RETURN_TYPE = YES_ERROR;
				GCC_WARN_UNDECLARED_SELECTOR = YES;
				GCC_WARN_UNINITIALIZED_AUTOS = YES_AGGRESSIVE;
				GCC_WARN_UNUSED_FUNCTION = YES;
				GCC_WARN_UNUSED_VARIABLE = YES;
				IPHONEOS_DEPLOYMENT_TARGET = 16.0;
				MTL_ENABLE_DEBUG_INFO = INCLUDE_SOURCE;
				MTL_FAST_MATH = YES;
				ONLY_ACTIVE_ARCH = YES;
				SDKROOT = iphoneos;
				SWIFT_ACTIVE_COMPILATION_CONDITIONS = DEBUG;
				SWIFT_OPTIMIZATION_LEVEL = "-Onone";
			};
			name = Debug;
		};
		8141B0B128E0D54D009C0165 /* Release */ = {
			isa = XCBuildConfiguration;
			buildSettings = {
				ALWAYS_SEARCH_USER_PATHS = NO;
				CLANG_ANALYZER_NONNULL = YES;
				CLANG_ANALYZER_NUMBER_OBJECT_CONVERSION = YES_AGGRESSIVE;
				CLANG_CXX_LANGUAGE_STANDARD = "gnu++20";
				CLANG_ENABLE_MODULES = YES;
				CLANG_ENABLE_OBJC_ARC = YES;
				CLANG_ENABLE_OBJC_WEAK = YES;
				CLANG_WARN_BLOCK_CAPTURE_AUTORELEASING = YES;
				CLANG_WARN_BOOL_CONVERSION = YES;
				CLANG_WARN_COMMA = YES;
				CLANG_WARN_CONSTANT_CONVERSION = YES;
				CLANG_WARN_DEPRECATED_OBJC_IMPLEMENTATIONS = YES;
				CLANG_WARN_DIRECT_OBJC_ISA_USAGE = YES_ERROR;
				CLANG_WARN_DOCUMENTATION_COMMENTS = YES;
				CLANG_WARN_EMPTY_BODY = YES;
				CLANG_WARN_ENUM_CONVERSION = YES;
				CLANG_WARN_INFINITE_RECURSION = YES;
				CLANG_WARN_INT_CONVERSION = YES;
				CLANG_WARN_NON_LITERAL_NULL_CONVERSION = YES;
				CLANG_WARN_OBJC_IMPLICIT_RETAIN_SELF = YES;
				CLANG_WARN_OBJC_LITERAL_CONVERSION = YES;
				CLANG_WARN_OBJC_ROOT_CLASS = YES_ERROR;
				CLANG_WARN_QUOTED_INCLUDE_IN_FRAMEWORK_HEADER = YES;
				CLANG_WARN_RANGE_LOOP_ANALYSIS = YES;
				CLANG_WARN_STRICT_PROTOTYPES = YES;
				CLANG_WARN_SUSPICIOUS_MOVE = YES;
				CLANG_WARN_UNGUARDED_AVAILABILITY = YES_AGGRESSIVE;
				CLANG_WARN_UNREACHABLE_CODE = YES;
				CLANG_WARN__DUPLICATE_METHOD_MATCH = YES;
				COPY_PHASE_STRIP = NO;
				DEBUG_INFORMATION_FORMAT = "dwarf-with-dsym";
				ENABLE_NS_ASSERTIONS = NO;
				ENABLE_STRICT_OBJC_MSGSEND = YES;
				GCC_C_LANGUAGE_STANDARD = gnu11;
				GCC_NO_COMMON_BLOCKS = YES;
				GCC_WARN_64_TO_32_BIT_CONVERSION = YES;
				GCC_WARN_ABOUT_RETURN_TYPE = YES_ERROR;
				GCC_WARN_UNDECLARED_SELECTOR = YES;
				GCC_WARN_UNINITIALIZED_AUTOS = YES_AGGRESSIVE;
				GCC_WARN_UNUSED_FUNCTION = YES;
				GCC_WARN_UNUSED_VARIABLE = YES;
				IPHONEOS_DEPLOYMENT_TARGET = 16.0;
				MTL_ENABLE_DEBUG_INFO = NO;
				MTL_FAST_MATH = YES;
				SDKROOT = iphoneos;
				SWIFT_COMPILATION_MODE = wholemodule;
				SWIFT_OPTIMIZATION_LEVEL = "-O";
				VALIDATE_PRODUCT = YES;
			};
			name = Release;
		};
		8141B0B328E0D54D009C0165 /* Debug */ = {
			isa = XCBuildConfiguration;
			buildSettings = {
				ASSETCATALOG_COMPILER_APPICON_NAME = AppIcon;
				ASSETCATALOG_COMPILER_GLOBAL_ACCENT_COLOR_NAME = AccentColor;
				CODE_SIGN_STYLE = Automatic;
				CURRENT_PROJECT_VERSION = 1;
				DEVELOPMENT_TEAM = 4HLNAPRS4C;
				GENERATE_INFOPLIST_FILE = YES;
				INFOPLIST_FILE = HomeWorkeRGBSlider/Config/Info.plist;
				INFOPLIST_KEY_UIApplicationSupportsIndirectInputEvents = YES;
				INFOPLIST_KEY_UILaunchStoryboardName = LaunchScreen;
				INFOPLIST_KEY_UIMainStoryboardFile = Main;
				INFOPLIST_KEY_UISupportedInterfaceOrientations = UIInterfaceOrientationPortrait;
				INFOPLIST_KEY_UISupportedInterfaceOrientations_iPad = "UIInterfaceOrientationLandscapeLeft UIInterfaceOrientationLandscapeRight UIInterfaceOrientationPortrait UIInterfaceOrientationPortraitUpsideDown";
				LD_RUNPATH_SEARCH_PATHS = (
					"$(inherited)",
					"@executable_path/Frameworks",
				);
				MARKETING_VERSION = 1.0;
				PRODUCT_BUNDLE_IDENTIFIER = myteam.HomeWorkeRGBSlider;
				PRODUCT_NAME = "$(TARGET_NAME)";
				SWIFT_EMIT_LOC_STRINGS = YES;
				SWIFT_VERSION = 5.0;
				TARGETED_DEVICE_FAMILY = "1,2";
			};
			name = Debug;
		};
		8141B0B428E0D54D009C0165 /* Release */ = {
			isa = XCBuildConfiguration;
			buildSettings = {
				ASSETCATALOG_COMPILER_APPICON_NAME = AppIcon;
				ASSETCATALOG_COMPILER_GLOBAL_ACCENT_COLOR_NAME = AccentColor;
				CODE_SIGN_STYLE = Automatic;
				CURRENT_PROJECT_VERSION = 1;
				DEVELOPMENT_TEAM = 4HLNAPRS4C;
				GENERATE_INFOPLIST_FILE = YES;
				INFOPLIST_FILE = HomeWorkeRGBSlider/Config/Info.plist;
				INFOPLIST_KEY_UIApplicationSupportsIndirectInputEvents = YES;
				INFOPLIST_KEY_UILaunchStoryboardName = LaunchScreen;
				INFOPLIST_KEY_UIMainStoryboardFile = Main;
				INFOPLIST_KEY_UISupportedInterfaceOrientations = UIInterfaceOrientationPortrait;
				INFOPLIST_KEY_UISupportedInterfaceOrientations_iPad = "UIInterfaceOrientationLandscapeLeft UIInterfaceOrientationLandscapeRight UIInterfaceOrientationPortrait UIInterfaceOrientationPortraitUpsideDown";
				LD_RUNPATH_SEARCH_PATHS = (
					"$(inherited)",
					"@executable_path/Frameworks",
				);
				MARKETING_VERSION = 1.0;
				PRODUCT_BUNDLE_IDENTIFIER = myteam.HomeWorkeRGBSlider;
				PRODUCT_NAME = "$(TARGET_NAME)";
				SWIFT_EMIT_LOC_STRINGS = YES;
				SWIFT_VERSION = 5.0;
				TARGETED_DEVICE_FAMILY = "1,2";
			};
			name = Release;
		};
/* End XCBuildConfiguration section */

/* Begin XCConfigurationList section */
		8141B09928E0D54B009C0165 /* Build configuration list for PBXProject "HomeWorkeRGBSlider" */ = {
			isa = XCConfigurationList;
			buildConfigurations = (
				8141B0B028E0D54D009C0165 /* Debug */,
				8141B0B128E0D54D009C0165 /* Release */,
			);
			defaultConfigurationIsVisible = 0;
			defaultConfigurationName = Release;
		};
		8141B0B228E0D54D009C0165 /* Build configuration list for PBXNativeTarget "HomeWorkeRGBSlider" */ = {
			isa = XCConfigurationList;
			buildConfigurations = (
				8141B0B328E0D54D009C0165 /* Debug */,
				8141B0B428E0D54D009C0165 /* Release */,
			);
			defaultConfigurationIsVisible = 0;
			defaultConfigurationName = Release;
		};
/* End XCConfigurationList section */
	};
	rootObject = 8141B09628E0D54B009C0165 /* Project object */;
}
